// !$*UTF8*$!
{
	archiveVersion = 1;
	classes = {
	};
	objectVersion = 46;
	objects = {

/* Begin PBXBuildFile section */
		D51F760D19D4801200813613 /* AppDelegate.swift in Sources */ = {isa = PBXBuildFile; fileRef = D51F760C19D4801200813613 /* AppDelegate.swift */; };
		D51F760F19D4801200813613 /* ViewController.swift in Sources */ = {isa = PBXBuildFile; fileRef = D51F760E19D4801200813613 /* ViewController.swift */; };
		D51F761219D4801200813613 /* Main.storyboard in Resources */ = {isa = PBXBuildFile; fileRef = D51F761019D4801200813613 /* Main.storyboard */; };
		D51F761419D4801200813613 /* Images.xcassets in Resources */ = {isa = PBXBuildFile; fileRef = D51F761319D4801200813613 /* Images.xcassets */; };
		D51F761719D4801200813613 /* LaunchScreen.xib in Resources */ = {isa = PBXBuildFile; fileRef = D51F761519D4801200813613 /* LaunchScreen.xib */; };
		D51F762319D4801200813613 /* ForLoopsTests.swift in Sources */ = {isa = PBXBuildFile; fileRef = D51F762219D4801200813613 /* ForLoopsTests.swift */; };
/* End PBXBuildFile section */

/* Begin PBXContainerItemProxy section */
		D51F761D19D4801200813613 /* PBXContainerItemProxy */ = {
			isa = PBXContainerItemProxy;
			containerPortal = D51F75FF19D4801200813613 /* Project object */;
			proxyType = 1;
			remoteGlobalIDString = D51F760619D4801200813613;
			remoteInfo = ForLoops;
		};
/* End PBXContainerItemProxy section */

/* Begin PBXFileReference section */
		D51F760719D4801200813613 /* ForLoops.app */ = {isa = PBXFileReference; explicitFileType = wrapper.application; includeInIndex = 0; path = ForLoops.app; sourceTree = BUILT_PRODUCTS_DIR; };
		D51F760B19D4801200813613 /* Info.plist */ = {isa = PBXFileReference; lastKnownFileType = text.plist.xml; path = Info.plist; sourceTree = "<group>"; };
		D51F760C19D4801200813613 /* AppDelegate.swift */ = {isa = PBXFileReference; lastKnownFileType = sourcecode.swift; path = AppDelegate.swift; sourceTree = "<group>"; };
		D51F760E19D4801200813613 /* ViewController.swift */ = {isa = PBXFileReference; lastKnownFileType = sourcecode.swift; path = ViewController.swift; sourceTree = "<group>"; };
		D51F761119D4801200813613 /* Base */ = {isa = PBXFileReference; lastKnownFileType = file.storyboard; name = Base; path = Base.lproj/Main.storyboard; sourceTree = "<group>"; };
		D51F761319D4801200813613 /* Images.xcassets */ = {isa = PBXFileReference; lastKnownFileType = folder.assetcatalog; path = Images.xcassets; sourceTree = "<group>"; };
		D51F761619D4801200813613 /* Base */ = {isa = PBXFileReference; lastKnownFileType = file.xib; name = Base; path = Base.lproj/LaunchScreen.xib; sourceTree = "<group>"; };
		D51F761C19D4801200813613 /* ForLoopsTests.xctest */ = {isa = PBXFileReference; explicitFileType = wrapper.cfbundle; includeInIndex = 0; path = ForLoopsTests.xctest; sourceTree = BUILT_PRODUCTS_DIR; };
		D51F762119D4801200813613 /* Info.plist */ = {isa = PBXFileReference; lastKnownFileType = text.plist.xml; path = Info.plist; sourceTree = "<group>"; };
		D51F762219D4801200813613 /* ForLoopsTests.swift */ = {isa = PBXFileReference; lastKnownFileType = sourcecode.swift; path = ForLoopsTests.swift; sourceTree = "<group>"; };
/* End PBXFileReference section */

/* Begin PBXFrameworksBuildPhase section */
		D51F760419D4801200813613 /* Frameworks */ = {
			isa = PBXFrameworksBuildPhase;
			buildActionMask = 2147483647;
			files = (
			);
			runOnlyForDeploymentPostprocessing = 0;
		};
		D51F761919D4801200813613 /* Frameworks */ = {
			isa = PBXFrameworksBuildPhase;
			buildActionMask = 2147483647;
			files = (
			);
			runOnlyForDeploymentPostprocessing = 0;
		};
/* End PBXFrameworksBuildPhase section */

/* Begin PBXGroup section */
		D51F75FE19D4801200813613 = {
			isa = PBXGroup;
			children = (
				D51F760919D4801200813613 /* ForLoops */,
				D51F761F19D4801200813613 /* ForLoopsTests */,
				D51F760819D4801200813613 /* Products */,
			);
			sourceTree = "<group>";
		};
		D51F760819D4801200813613 /* Products */ = {
			isa = PBXGroup;
			children = (
				D51F760719D4801200813613 /* ForLoops.app */,
				D51F761C19D4801200813613 /* ForLoopsTests.xctest */,
			);
			name = Products;
			sourceTree = "<group>";
		};
		D51F760919D4801200813613 /* ForLoops */ = {
			isa = PBXGroup;
			children = (
				D51F760C19D4801200813613 /* AppDelegate.swift */,
				D51F760E19D4801200813613 /* ViewController.swift */,
				D51F761019D4801200813613 /* Main.storyboard */,
				D51F761319D4801200813613 /* Images.xcassets */,
				D51F761519D4801200813613 /* LaunchScreen.xib */,
				D51F760A19D4801200813613 /* Supporting Files */,
			);
			path = ForLoops;
			sourceTree = "<group>";
		};
		D51F760A19D4801200813613 /* Supporting Files */ = {
			isa = PBXGroup;
			children = (
				D51F760B19D4801200813613 /* Info.plist */,
			);
			name = "Supporting Files";
			sourceTree = "<group>";
		};
		D51F761F19D4801200813613 /* ForLoopsTests */ = {
			isa = PBXGroup;
			children = (
				D51F762219D4801200813613 /* ForLoopsTests.swift */,
				D51F762019D4801200813613 /* Supporting Files */,
			);
			path = ForLoopsTests;
			sourceTree = "<group>";
		};
		D51F762019D4801200813613 /* Supporting Files */ = {
			isa = PBXGroup;
			children = (
				D51F762119D4801200813613 /* Info.plist */,
			);
			name = "Supporting Files";
			sourceTree = "<group>";
		};
/* End PBXGroup section */

/* Begin PBXNativeTarget section */
		D51F760619D4801200813613 /* ForLoops */ = {
			isa = PBXNativeTarget;
			buildConfigurationList = D51F762619D4801200813613 /* Build configuration list for PBXNativeTarget "ForLoops" */;
			buildPhases = (
				D51F760319D4801200813613 /* Sources */,
				D51F760419D4801200813613 /* Frameworks */,
				D51F760519D4801200813613 /* Resources */,
			);
			buildRules = (
			);
			dependencies = (
			);
			name = ForLoops;
			productName = ForLoops;
			productReference = D51F760719D4801200813613 /* ForLoops.app */;
			productType = "com.apple.product-type.application";
		};
		D51F761B19D4801200813613 /* ForLoopsTests */ = {
			isa = PBXNativeTarget;
			buildConfigurationList = D51F762919D4801200813613 /* Build configuration list for PBXNativeTarget "ForLoopsTests" */;
			buildPhases = (
				D51F761819D4801200813613 /* Sources */,
				D51F761919D4801200813613 /* Frameworks */,
				D51F761A19D4801200813613 /* Resources */,
			);
			buildRules = (
			);
			dependencies = (
				D51F761E19D4801200813613 /* PBXTargetDependency */,
			);
			name = ForLoopsTests;
			productName = ForLoopsTests;
			productReference = D51F761C19D4801200813613 /* ForLoopsTests.xctest */;
			productType = "com.apple.product-type.bundle.unit-test";
		};
/* End PBXNativeTarget section */

/* Begin PBXProject section */
		D51F75FF19D4801200813613 /* Project object */ = {
			isa = PBXProject;
			attributes = {
				LastUpgradeCheck = 0600;
				ORGANIZATIONNAME = "LUXio IT-Solutions";
				TargetAttributes = {
					D51F760619D4801200813613 = {
						CreatedOnToolsVersion = 6.0;
					};
					D51F761B19D4801200813613 = {
						CreatedOnToolsVersion = 6.0;
						TestTargetID = D51F760619D4801200813613;
					};
				};
			};
			buildConfigurationList = D51F760219D4801200813613 /* Build configuration list for PBXProject "ForLoops" */;
			compatibilityVersion = "Xcode 3.2";
			developmentRegion = English;
			hasScannedForEncodings = 0;
			knownRegions = (
				en,
				Base,
			);
			mainGroup = D51F75FE19D4801200813613;
			productRefGroup = D51F760819D4801200813613 /* Products */;
			projectDirPath = "";
			projectRoot = "";
			targets = (
				D51F760619D4801200813613 /* ForLoops */,
				D51F761B19D4801200813613 /* ForLoopsTests */,
			);
		};
/* End PBXProject section */

/* Begin PBXResourcesBuildPhase section */
		D51F760519D4801200813613 /* Resources */ = {
			isa = PBXResourcesBuildPhase;
			buildActionMask = 2147483647;
			files = (
				D51F761219D4801200813613 /* Main.storyboard in Resources */,
				D51F761719D4801200813613 /* LaunchScreen.xib in Resources */,
				D51F761419D4801200813613 /* Images.xcassets in Resources */,
			);
			runOnlyForDeploymentPostprocessing = 0;
		};
		D51F761A19D4801200813613 /* Resources */ = {
			isa = PBXResourcesBuildPhase;
			buildActionMask = 2147483647;
			files = (
			);
			runOnlyForDeploymentPostprocessing = 0;
		};
/* End PBXResourcesBuildPhase section */

/* Begin PBXSourcesBuildPhase section */
		D51F760319D4801200813613 /* Sources */ = {
			isa = PBXSourcesBuildPhase;
			buildActionMask = 2147483647;
			files = (
				D51F760F19D4801200813613 /* ViewController.swift in Sources */,
				D51F760D19D4801200813613 /* AppDelegate.swift in Sources */,
			);
			runOnlyForDeploymentPostprocessing = 0;
		};
		D51F761819D4801200813613 /* Sources */ = {
			isa = PBXSourcesBuildPhase;
			buildActionMask = 2147483647;
			files = (
				D51F762319D4801200813613 /* ForLoopsTests.swift in Sources */,
			);
			runOnlyForDeploymentPostprocessing = 0;
		};
/* End PBXSourcesBuildPhase section */

/* Begin PBXTargetDependency section */
		D51F761E19D4801200813613 /* PBXTargetDependency */ = {
			isa = PBXTargetDependency;
			target = D51F760619D4801200813613 /* ForLoops */;
			targetProxy = D51F761D19D4801200813613 /* PBXContainerItemProxy */;
		};
/* End PBXTargetDependency section */

/* Begin PBXVariantGroup section */
		D51F761019D4801200813613 /* Main.storyboard */ = {
			isa = PBXVariantGroup;
			children = (
				D51F761119D4801200813613 /* Base */,
			);
			name = Main.storyboard;
			sourceTree = "<group>";
		};
		D51F761519D4801200813613 /* LaunchScreen.xib */ = {
			isa = PBXVariantGroup;
			children = (
				D51F761619D4801200813613 /* Base */,
			);
			name = LaunchScreen.xib;
			sourceTree = "<group>";
		};
/* End PBXVariantGroup section */

/* Begin XCBuildConfiguration section */
		D51F762419D4801200813613 /* Debug */ = {
			isa = XCBuildConfiguration;
			buildSettings = {
				ALWAYS_SEARCH_USER_PATHS = NO;
				CLANG_CXX_LANGUAGE_STANDARD = "gnu++0x";
				CLANG_CXX_LIBRARY = "libc++";
				CLANG_ENABLE_MODULES = YES;
				CLANG_ENABLE_OBJC_ARC = YES;
				CLANG_WARN_BOOL_CONVERSION = YES;
				CLANG_WARN_CONSTANT_CONVERSION = YES;
				CLANG_WARN_DIRECT_OBJC_ISA_USAGE = YES_ERROR;
				CLANG_WARN_EMPTY_BODY = YES;
				CLANG_WARN_ENUM_CONVERSION = YES;
				CLANG_WARN_INT_CONVERSION = YES;
				CLANG_WARN_OBJC_ROOT_CLASS = YES_ERROR;
				CLANG_WARN_UNREACHABLE_CODE = YES;
				CLANG_WARN__DUPLICATE_METHOD_MATCH = YES;
				"CODE_SIGN_IDENTITY[sdk=iphoneos*]" = "iPhone Developer";
				COPY_PHASE_STRIP = NO;
				ENABLE_STRICT_OBJC_MSGSEND = YES;
				GCC_C_LANGUAGE_STANDARD = gnu99;
				GCC_DYNAMIC_NO_PIC = NO;
				GCC_OPTIMIZATION_LEVEL = 0;
				GCC_PREPROCESSOR_DEFINITIONS = (
					"DEBUG=1",
					"$(inherited)",
				);
				GCC_SYMBOLS_PRIVATE_EXTERN = NO;
				GCC_WARN_64_TO_32_BIT_CONVERSION = YES;
				GCC_WARN_ABOUT_RETURN_TYPE = YES_ERROR;
				GCC_WARN_UNDECLARED_SELECTOR = YES;
				GCC_WARN_UNINITIALIZED_AUTOS = YES_AGGRESSIVE;
				GCC_WARN_UNUSED_FUNCTION = YES;
				GCC_WARN_UNUSED_VARIABLE = YES;
				IPHONEOS_DEPLOYMENT_TARGET = 8.0;
				MTL_ENABLE_DEBUG_INFO = YES;
				ONLY_ACTIVE_ARCH = YES;
				SDKROOT = iphoneos;
				SWIFT_OPTIMIZATION_LEVEL = "-Onone";
			};
			name = Debug;
		};
		D51F762519D4801200813613 /* Release */ = {
			isa = XCBuildConfiguration;
			buildSettings = {
				ALWAYS_SEARCH_USER_PATHS = NO;
				CLANG_CXX_LANGUAGE_STANDARD = "gnu++0x";
				CLANG_CXX_LIBRARY = "libc++";
				CLANG_ENABLE_MODULES = YES;
				CLANG_ENABLE_OBJC_ARC = YES;
				CLANG_WARN_BOOL_CONVERSION = YES;
				CLANG_WARN_CONSTANT_CONVERSION = YES;
				CLANG_WARN_DIRECT_OBJC_ISA_USAGE = YES_ERROR;
				CLANG_WARN_EMPTY_BODY = YES;
				CLANG_WARN_ENUM_CONVERSION = YES;
				CLANG_WARN_INT_CONVERSION = YES;
				CLANG_WARN_OBJC_ROOT_CLASS = YES_ERROR;
				CLANG_WARN_UNREACHABLE_CODE = YES;
				CLANG_WARN__DUPLICATE_METHOD_MATCH = YES;
				"CODE_SIGN_IDENTITY[sdk=iphoneos*]" = "iPhone Developer";
				COPY_PHASE_STRIP = YES;
				ENABLE_NS_ASSERTIONS = NO;
				ENABLE_STRICT_OBJC_MSGSEND = YES;
				GCC_C_LANGUAGE_STANDARD = gnu99;
				GCC_WARN_64_TO_32_BIT_CONVERSION = YES;
				GCC_WARN_ABOUT_RETURN_TYPE = YES_ERROR;
				GCC_WARN_UNDECLARED_SELECTOR = YES;
				GCC_WARN_UNINITIALIZED_AUTOS = YES_AGGRESSIVE;
				GCC_WARN_UNUSED_FUNCTION = YES;
				GCC_WARN_UNUSED_VARIABLE = YES;
				IPHONEOS_DEPLOYMENT_TARGET = 8.0;
				MTL_ENABLE_DEBUG_INFO = NO;
				SDKROOT = iphoneos;
				VALIDATE_PRODUCT = YES;
			};
			name = Release;
		};
		D51F762719D4801200813613 /* Debug */ = {
			isa = XCBuildConfiguration;
			buildSettings = {
				ASSETCATALOG_COMPILER_APPICON_NAME = AppIcon;
				INFOPLIST_FILE = ForLoops/Info.plist;
				LD_RUNPATH_SEARCH_PATHS = "$(inherited) @executable_path/Frameworks";
				PRODUCT_NAME = "$(TARGET_NAME)";
			};
			name = Debug;
		};
		D51F762819D4801200813613 /* Release */ = {
			isa = XCBuildConfiguration;
			buildSettings = {
				ASSETCATALOG_COMPILER_APPICON_NAME = AppIcon;
				INFOPLIST_FILE = ForLoops/Info.plist;
				LD_RUNPATH_SEARCH_PATHS = "$(inherited) @executable_path/Frameworks";
				PRODUCT_NAME = "$(TARGET_NAME)";
			};
			name = Release;
		};
		D51F762A19D4801200813613 /* Debug */ = {
			isa = XCBuildConfiguration;
			buildSettings = {
				BUNDLE_LOADER = "$(TEST_HOST)";
				FRAMEWORK_SEARCH_PATHS = (
					"$(SDKROOT)/Developer/Library/Frameworks",
					"$(inherited)",
				);
				GCC_PREPROCESSOR_DEFINITIONS = (
					"DEBUG=1",
					"$(inherited)",
				);
				INFOPLIST_FILE = ForLoopsTests/Info.plist;
				LD_RUNPATH_SEARCH_PATHS = "$(inherited) @executable_path/Frameworks @loader_path/Frameworks";
				PRODUCT_NAME = "$(TARGET_NAME)";
				TEST_HOST = "$(BUILT_PRODUCTS_DIR)/ForLoops.app/ForLoops";
			};
			name = Debug;
		};
		D51F762B19D4801200813613 /* Release */ = {
			isa = XCBuildConfiguration;
			buildSettings = {
				BUNDLE_LOADER = "$(TEST_HOST)";
				FRAMEWORK_SEARCH_PATHS = (
					"$(SDKROOT)/Developer/Library/Frameworks",
					"$(inherited)",
				);
				INFOPLIST_FILE = ForLoopsTests/Info.plist;
				LD_RUNPATH_SEARCH_PATHS = "$(inherited) @executable_path/Frameworks @loader_path/Frameworks";
				PRODUCT_NAME = "$(TARGET_NAME)";
				TEST_HOST = "$(BUILT_PRODUCTS_DIR)/ForLoops.app/ForLoops";
			};
			name = Release;
		};
/* End XCBuildConfiguration section */

/* Begin XCConfigurationList section */
		D51F760219D4801200813613 /* Build configuration list for PBXProject "ForLoops" */ = {
			isa = XCConfigurationList;
			buildConfigurations = (
				D51F762419D4801200813613 /* Debug */,
				D51F762519D4801200813613 /* Release */,
			);
			defaultConfigurationIsVisible = 0;
			defaultConfigurationName = Release;
		};
		D51F762619D4801200813613 /* Build configuration list for PBXNativeTarget "ForLoops" */ = {
			isa = XCConfigurationList;
			buildConfigurations = (
				D51F762719D4801200813613 /* Debug */,
				D51F762819D4801200813613 /* Release */,
			);
			defaultConfigurationIsVisible = 0;
		};
		D51F762919D4801200813613 /* Build configuration list for PBXNativeTarget "ForLoopsTests" */ = {
			isa = XCConfigurationList;
			buildConfigurations = (
				D51F762A19D4801200813613 /* Debug */,
				D51F762B19D4801200813613 /* Release */,
			);
			defaultConfigurationIsVisible = 0;
		};
/* End XCConfigurationList section */
	};
	rootObject = D51F75FF19D4801200813613 /* Project object */;
}
